
Microsoft Visual Studio Solution File, Format Version 12.00
# Visual Studio Version 17
VisualStudioVersion = 17.4.33213.308
MinimumVisualStudioVersion = 10.0.40219.1
Project("{FAE04EC0-301F-11D3-BF4B-00C04F79EFBC}") = "CVm", "CVm\CVm.csproj", "{3ECD236B-D140-4E5D-BD00-BA3B5B623337}"
EndProject
Project("{FAE04EC0-301F-11D3-BF4B-00C04F79EFBC}") = "CV", "CV\CV.csproj", "{6152A165-BA34-4250-8DEB-48D86D8B3A4F}"
EndProject
Global
	GlobalSection(SolutionConfigurationPlatforms) = preSolution
		Debug|Any CPU = Debug|Any CPU
		Release|Any CPU = Release|Any CPU
	EndGlobalSection
	GlobalSection(ProjectConfigurationPlatforms) = postSolution
		{3ECD236B-D140-4E5D-BD00-BA3B5B623337}.Debug|Any CPU.ActiveCfg = Debug|Any CPU
		{3ECD236B-D140-4E5D-BD00-BA3B5B623337}.Debug|Any CPU.Build.0 = Debug|Any CPU
		{3ECD236B-D140-4E5D-BD00-BA3B5B623337}.Release|Any CPU.ActiveCfg = Release|Any CPU
		{3ECD236B-D140-4E5D-BD00-BA3B5B623337}.Release|Any CPU.Build.0 = Release|Any CPU
		{6152A165-BA34-4250-8DEB-48D86D8B3A4F}.Debug|Any CPU.ActiveCfg = Debug|Any CPU
		{6152A165-BA34-4250-8DEB-48D86D8B3A4F}.Debug|Any CPU.Build.0 = Debug|Any CPU
		{6152A165-BA34-4250-8DEB-48D86D8B3A4F}.Release|Any CPU.ActiveCfg = Release|Any CPU
		{6152A165-BA34-4250-8DEB-48D86D8B3A4F}.Release|Any CPU.Build.0 = Release|Any CPU
	EndGlobalSection
	GlobalSection(SolutionProperties) = preSolution
		HideSolutionNode = FALSE
	EndGlobalSection
	GlobalSection(ExtensibilityGlobals) = postSolution
		SolutionGuid = {E2303197-BD0D-4D53-8868-18996AC4F111}
	EndGlobalSection
EndGlobal
